// !$*UTF8*$!
{
	archiveVersion = 1;
	classes = {
	};
	objectVersion = 56;
	objects = {

/* Begin PBXBuildFile section */
		F8A4BF522AFCE20D00413213 /* Alamofire in Frameworks */ = {isa = PBXBuildFile; productRef = F8A4BF512AFCE20D00413213 /* Alamofire */; };
		F8A4BF542AFCE3A200413213 /* Models.swift in Sources */ = {isa = PBXBuildFile; fileRef = F8A4BF532AFCE3A200413213 /* Models.swift */; };
		F8A4BF562AFCE6E100413213 /* NetworkManger.swift in Sources */ = {isa = PBXBuildFile; fileRef = F8A4BF552AFCE6E100413213 /* NetworkManger.swift */; };
		F8A4BF592AFCF24A00413213 /* CombineMoya in Frameworks */ = {isa = PBXBuildFile; productRef = F8A4BF582AFCF24A00413213 /* CombineMoya */; };
		F8A4BF5B2AFCF24A00413213 /* Moya in Frameworks */ = {isa = PBXBuildFile; productRef = F8A4BF5A2AFCF24A00413213 /* Moya */; };
		F8A4BF5D2AFCF24A00413213 /* ReactiveMoya in Frameworks */ = {isa = PBXBuildFile; productRef = F8A4BF5C2AFCF24A00413213 /* ReactiveMoya */; };
		F8A4BF5F2AFCF24A00413213 /* RxMoya in Frameworks */ = {isa = PBXBuildFile; productRef = F8A4BF5E2AFCF24A00413213 /* RxMoya */; };
		F8DFEAD82AF921F500BC721B /* ForEveryoneAPIApp.swift in Sources */ = {isa = PBXBuildFile; fileRef = F8DFEAD72AF921F500BC721B /* ForEveryoneAPIApp.swift */; };
		F8DFEADA2AF921F500BC721B /* ContentView.swift in Sources */ = {isa = PBXBuildFile; fileRef = F8DFEAD92AF921F500BC721B /* ContentView.swift */; };
		F8DFEADC2AF921F600BC721B /* Assets.xcassets in Resources */ = {isa = PBXBuildFile; fileRef = F8DFEADB2AF921F600BC721B /* Assets.xcassets */; };
		F8DFEADF2AF921F600BC721B /* Preview Assets.xcassets in Resources */ = {isa = PBXBuildFile; fileRef = F8DFEADE2AF921F600BC721B /* Preview Assets.xcassets */; };
/* End PBXBuildFile section */

/* Begin PBXFileReference section */
		F8A4BF532AFCE3A200413213 /* Models.swift */ = {isa = PBXFileReference; lastKnownFileType = sourcecode.swift; path = Models.swift; sourceTree = "<group>"; };
		F8A4BF552AFCE6E100413213 /* NetworkManger.swift */ = {isa = PBXFileReference; lastKnownFileType = sourcecode.swift; path = NetworkManger.swift; sourceTree = "<group>"; };
		F8DFEAD42AF921F500BC721B /* ForEveryoneAPI.app */ = {isa = PBXFileReference; explicitFileType = wrapper.application; includeInIndex = 0; path = ForEveryoneAPI.app; sourceTree = BUILT_PRODUCTS_DIR; };
		F8DFEAD72AF921F500BC721B /* ForEveryoneAPIApp.swift */ = {isa = PBXFileReference; lastKnownFileType = sourcecode.swift; path = ForEveryoneAPIApp.swift; sourceTree = "<group>"; };
		F8DFEAD92AF921F500BC721B /* ContentView.swift */ = {isa = PBXFileReference; lastKnownFileType = sourcecode.swift; path = ContentView.swift; sourceTree = "<group>"; };
		F8DFEADB2AF921F600BC721B /* Assets.xcassets */ = {isa = PBXFileReference; lastKnownFileType = folder.assetcatalog; path = Assets.xcassets; sourceTree = "<group>"; };
		F8DFEADE2AF921F600BC721B /* Preview Assets.xcassets */ = {isa = PBXFileReference; lastKnownFileType = folder.assetcatalog; path = "Preview Assets.xcassets"; sourceTree = "<group>"; };
/* End PBXFileReference section */

/* Begin PBXFrameworksBuildPhase section */
		F8DFEAD12AF921F500BC721B /* Frameworks */ = {
			isa = PBXFrameworksBuildPhase;
			buildActionMask = 2147483647;
			files = (
				F8A4BF5F2AFCF24A00413213 /* RxMoya in Frameworks */,
				F8A4BF592AFCF24A00413213 /* CombineMoya in Frameworks */,
				F8A4BF5D2AFCF24A00413213 /* ReactiveMoya in Frameworks */,
				F8A4BF522AFCE20D00413213 /* Alamofire in Frameworks */,
				F8A4BF5B2AFCF24A00413213 /* Moya in Frameworks */,
			);
			runOnlyForDeploymentPostprocessing = 0;
		};
/* End PBXFrameworksBuildPhase section */

/* Begin PBXGroup section */
		F8DFEACB2AF921F500BC721B = {
			isa = PBXGroup;
			children = (
				F8DFEAD62AF921F500BC721B /* ForEveryoneAPI */,
				F8DFEAD52AF921F500BC721B /* Products */,
			);
			sourceTree = "<group>";
		};
		F8DFEAD52AF921F500BC721B /* Products */ = {
			isa = PBXGroup;
			children = (
				F8DFEAD42AF921F500BC721B /* ForEveryoneAPI.app */,
			);
			name = Products;
			sourceTree = "<group>";
		};
		F8DFEAD62AF921F500BC721B /* ForEveryoneAPI */ = {
			isa = PBXGroup;
			children = (
				F8DFEAD72AF921F500BC721B /* ForEveryoneAPIApp.swift */,
				F8DFEAD92AF921F500BC721B /* ContentView.swift */,
				F8A4BF532AFCE3A200413213 /* Models.swift */,
				F8A4BF552AFCE6E100413213 /* NetworkManger.swift */,
				F8DFEADB2AF921F600BC721B /* Assets.xcassets */,
				F8DFEADD2AF921F600BC721B /* Preview Content */,
			);
			path = ForEveryoneAPI;
			sourceTree = "<group>";
		};
		F8DFEADD2AF921F600BC721B /* Preview Content */ = {
			isa = PBXGroup;
			children = (
				F8DFEADE2AF921F600BC721B /* Preview Assets.xcassets */,
			);
			path = "Preview Content";
			sourceTree = "<group>";
		};
/* End PBXGroup section */

/* Begin PBXNativeTarget section */
		F8DFEAD32AF921F500BC721B /* ForEveryoneAPI */ = {
			isa = PBXNativeTarget;
			buildConfigurationList = F8DFEAE22AF921F600BC721B /* Build configuration list for PBXNativeTarget "ForEveryoneAPI" */;
			buildPhases = (
				F8DFEAD02AF921F500BC721B /* Sources */,
				F8DFEAD12AF921F500BC721B /* Frameworks */,
				F8DFEAD22AF921F500BC721B /* Resources */,
			);
			buildRules = (
			);
			dependencies = (
			);
			name = ForEveryoneAPI;
			packageProductDependencies = (
				F8A4BF512AFCE20D00413213 /* Alamofire */,
				F8A4BF582AFCF24A00413213 /* CombineMoya */,
				F8A4BF5A2AFCF24A00413213 /* Moya */,
				F8A4BF5C2AFCF24A00413213 /* ReactiveMoya */,
				F8A4BF5E2AFCF24A00413213 /* RxMoya */,
			);
			productName = ForEveryoneAPI;
			productReference = F8DFEAD42AF921F500BC721B /* ForEveryoneAPI.app */;
			productType = "com.apple.product-type.application";
		};
/* End PBXNativeTarget section */

/* Begin PBXProject section */
		F8DFEACC2AF921F500BC721B /* Project object */ = {
			isa = PBXProject;
			attributes = {
				BuildIndependentTargetsInParallel = 1;
				LastSwiftUpdateCheck = 1500;
				LastUpgradeCheck = 1500;
				TargetAttributes = {
					F8DFEAD32AF921F500BC721B = {
						CreatedOnToolsVersion = 15.0.1;
					};
				};
			};
			buildConfigurationList = F8DFEACF2AF921F500BC721B /* Build configuration list for PBXProject "ForEveryoneAPI" */;
			compatibilityVersion = "Xcode 14.0";
			developmentRegion = en;
			hasScannedForEncodings = 0;
			knownRegions = (
				en,
				Base,
			);
			mainGroup = F8DFEACB2AF921F500BC721B;
			packageReferences = (
				F8A4BF502AFCE20D00413213 /* XCRemoteSwiftPackageReference "Alamofire" */,
				F8A4BF572AFCF24A00413213 /* XCRemoteSwiftPackageReference "moya" */,
			);
			productRefGroup = F8DFEAD52AF921F500BC721B /* Products */;
			projectDirPath = "";
			projectRoot = "";
			targets = (
				F8DFEAD32AF921F500BC721B /* ForEveryoneAPI */,
			);
		};
/* End PBXProject section */

/* Begin PBXResourcesBuildPhase section */
		F8DFEAD22AF921F500BC721B /* Resources */ = {
			isa = PBXResourcesBuildPhase;
			buildActionMask = 2147483647;
			files = (
				F8DFEADF2AF921F600BC721B /* Preview Assets.xcassets in Resources */,
				F8DFEADC2AF921F600BC721B /* Assets.xcassets in Resources */,
			);
			runOnlyForDeploymentPostprocessing = 0;
		};
/* End PBXResourcesBuildPhase section */

/* Begin PBXSourcesBuildPhase section */
		F8DFEAD02AF921F500BC721B /* Sources */ = {
			isa = PBXSourcesBuildPhase;
			buildActionMask = 2147483647;
			files = (
				F8A4BF542AFCE3A200413213 /* Models.swift in Sources */,
				F8DFEADA2AF921F500BC721B /* ContentView.swift in Sources */,
				F8A4BF562AFCE6E100413213 /* NetworkManger.swift in Sources */,
				F8DFEAD82AF921F500BC721B /* ForEveryoneAPIApp.swift in Sources */,
			);
			runOnlyForDeploymentPostprocessing = 0;
		};
/* End PBXSourcesBuildPhase section */

/* Begin XCBuildConfiguration section */
		F8DFEAE02AF921F600BC721B /* Debug */ = {
			isa = XCBuildConfiguration;
			buildSettings = {
				ALWAYS_SEARCH_USER_PATHS = NO;
				ASSETCATALOG_COMPILER_GENERATE_SWIFT_ASSET_SYMBOL_EXTENSIONS = YES;
				CLANG_ANALYZER_NONNULL = YES;
				CLANG_ANALYZER_NUMBER_OBJECT_CONVERSION = YES_AGGRESSIVE;
				CLANG_CXX_LANGUAGE_STANDARD = "gnu++20";
				CLANG_ENABLE_MODULES = YES;
				CLANG_ENABLE_OBJC_ARC = YES;
				CLANG_ENABLE_OBJC_WEAK = YES;
				CLANG_WARN_BLOCK_CAPTURE_AUTORELEASING = YES;
				CLANG_WARN_BOOL_CONVERSION = YES;
				CLANG_WARN_COMMA = YES;
				CLANG_WARN_CONSTANT_CONVERSION = YES;
				CLANG_WARN_DEPRECATED_OBJC_IMPLEMENTATIONS = YES;
				CLANG_WARN_DIRECT_OBJC_ISA_USAGE = YES_ERROR;
				CLANG_WARN_DOCUMENTATION_COMMENTS = YES;
				CLANG_WARN_EMPTY_BODY = YES;
				CLANG_WARN_ENUM_CONVERSION = YES;
				CLANG_WARN_INFINITE_RECURSION = YES;
				CLANG_WARN_INT_CONVERSION = YES;
				CLANG_WARN_NON_LITERAL_NULL_CONVERSION = YES;
				CLANG_WARN_OBJC_IMPLICIT_RETAIN_SELF = YES;
				CLANG_WARN_OBJC_LITERAL_CONVERSION = YES;
				CLANG_WARN_OBJC_ROOT_CLASS = YES_ERROR;
				CLANG_WARN_QUOTED_INCLUDE_IN_FRAMEWORK_HEADER = YES;
				CLANG_WARN_RANGE_LOOP_ANALYSIS = YES;
				CLANG_WARN_STRICT_PROTOTYPES = YES;
				CLANG_WARN_SUSPICIOUS_MOVE = YES;
				CLANG_WARN_UNGUARDED_AVAILABILITY = YES_AGGRESSIVE;
				CLANG_WARN_UNREACHABLE_CODE = YES;
				CLANG_WARN__DUPLICATE_METHOD_MATCH = YES;
				COPY_PHASE_STRIP = NO;
				DEBUG_INFORMATION_FORMAT = dwarf;
				ENABLE_STRICT_OBJC_MSGSEND = YES;
				ENABLE_TESTABILITY = YES;
				ENABLE_USER_SCRIPT_SANDBOXING = YES;
				GCC_C_LANGUAGE_STANDARD = gnu17;
				GCC_DYNAMIC_NO_PIC = NO;
				GCC_NO_COMMON_BLOCKS = YES;
				GCC_OPTIMIZATION_LEVEL = 0;
				GCC_PREPROCESSOR_DEFINITIONS = (
					"DEBUG=1",
					"$(inherited)",
				);
				GCC_WARN_64_TO_32_BIT_CONVERSION = YES;
				GCC_WARN_ABOUT_RETURN_TYPE = YES_ERROR;
				GCC_WARN_UNDECLARED_SELECTOR = YES;
				GCC_WARN_UNINITIALIZED_AUTOS = YES_AGGRESSIVE;
				GCC_WARN_UNUSED_FUNCTION = YES;
				GCC_WARN_UNUSED_VARIABLE = YES;
				IPHONEOS_DEPLOYMENT_TARGET = 17.0;
				LOCALIZATION_PREFERS_STRING_CATALOGS = YES;
				MTL_ENABLE_DEBUG_INFO = INCLUDE_SOURCE;
				MTL_FAST_MATH = YES;
				ONLY_ACTIVE_ARCH = YES;
				SDKROOT = iphoneos;
				SWIFT_ACTIVE_COMPILATION_CONDITIONS = "DEBUG $(inherited)";
				SWIFT_OPTIMIZATION_LEVEL = "-Onone";
			};
			name = Debug;
		};
		F8DFEAE12AF921F600BC721B /* Release */ = {
			isa = XCBuildConfiguration;
			buildSettings = {
				ALWAYS_SEARCH_USER_PATHS = NO;
				ASSETCATALOG_COMPILER_GENERATE_SWIFT_ASSET_SYMBOL_EXTENSIONS = YES;
				CLANG_ANALYZER_NONNULL = YES;
				CLANG_ANALYZER_NUMBER_OBJECT_CONVERSION = YES_AGGRESSIVE;
				CLANG_CXX_LANGUAGE_STANDARD = "gnu++20";
				CLANG_ENABLE_MODULES = YES;
				CLANG_ENABLE_OBJC_ARC = YES;
				CLANG_ENABLE_OBJC_WEAK = YES;
				CLANG_WARN_BLOCK_CAPTURE_AUTORELEASING = YES;
				CLANG_WARN_BOOL_CONVERSION = YES;
				CLANG_WARN_COMMA = YES;
				CLANG_WARN_CONSTANT_CONVERSION = YES;
				CLANG_WARN_DEPRECATED_OBJC_IMPLEMENTATIONS = YES;
				CLANG_WARN_DIRECT_OBJC_ISA_USAGE = YES_ERROR;
				CLANG_WARN_DOCUMENTATION_COMMENTS = YES;
				CLANG_WARN_EMPTY_BODY = YES;
				CLANG_WARN_ENUM_CONVERSION = YES;
				CLANG_WARN_INFINITE_RECURSION = YES;
				CLANG_WARN_INT_CONVERSION = YES;
				CLANG_WARN_NON_LITERAL_NULL_CONVERSION = YES;
				CLANG_WARN_OBJC_IMPLICIT_RETAIN_SELF = YES;
				CLANG_WARN_OBJC_LITERAL_CONVERSION = YES;
				CLANG_WARN_OBJC_ROOT_CLASS = YES_ERROR;
				CLANG_WARN_QUOTED_INCLUDE_IN_FRAMEWORK_HEADER = YES;
				CLANG_WARN_RANGE_LOOP_ANALYSIS = YES;
				CLANG_WARN_STRICT_PROTOTYPES = YES;
				CLANG_WARN_SUSPICIOUS_MOVE = YES;
				CLANG_WARN_UNGUARDED_AVAILABILITY = YES_AGGRESSIVE;
				CLANG_WARN_UNREACHABLE_CODE = YES;
				CLANG_WARN__DUPLICATE_METHOD_MATCH = YES;
				COPY_PHASE_STRIP = NO;
				DEBUG_INFORMATION_FORMAT = "dwarf-with-dsym";
				ENABLE_NS_ASSERTIONS = NO;
				ENABLE_STRICT_OBJC_MSGSEND = YES;
				ENABLE_USER_SCRIPT_SANDBOXING = YES;
				GCC_C_LANGUAGE_STANDARD = gnu17;
				GCC_NO_COMMON_BLOCKS = YES;
				GCC_WARN_64_TO_32_BIT_CONVERSION = YES;
				GCC_WARN_ABOUT_RETURN_TYPE = YES_ERROR;
				GCC_WARN_UNDECLARED_SELECTOR = YES;
				GCC_WARN_UNINITIALIZED_AUTOS = YES_AGGRESSIVE;
				GCC_WARN_UNUSED_FUNCTION = YES;
				GCC_WARN_UNUSED_VARIABLE = YES;
				IPHONEOS_DEPLOYMENT_TARGET = 17.0;
				LOCALIZATION_PREFERS_STRING_CATALOGS = YES;
				MTL_ENABLE_DEBUG_INFO = NO;
				MTL_FAST_MATH = YES;
				SDKROOT = iphoneos;
				SWIFT_COMPILATION_MODE = wholemodule;
				VALIDATE_PRODUCT = YES;
			};
			name = Release;
		};
		F8DFEAE32AF921F600BC721B /* Debug */ = {
			isa = XCBuildConfiguration;
			buildSettings = {
				ASSETCATALOG_COMPILER_APPICON_NAME = AppIcon;
				ASSETCATALOG_COMPILER_GLOBAL_ACCENT_COLOR_NAME = AccentColor;
				CODE_SIGN_STYLE = Automatic;
				CURRENT_PROJECT_VERSION = 1;
				DEVELOPMENT_ASSET_PATHS = "\"ForEveryoneAPI/Preview Content\"";
				DEVELOPMENT_TEAM = VA3J8597P8;
				ENABLE_PREVIEWS = YES;
				GENERATE_INFOPLIST_FILE = YES;
				INFOPLIST_KEY_UIApplicationSceneManifest_Generation = YES;
				INFOPLIST_KEY_UIApplicationSupportsIndirectInputEvents = YES;
				INFOPLIST_KEY_UILaunchScreen_Generation = YES;
				INFOPLIST_KEY_UISupportedInterfaceOrientations_iPad = "UIInterfaceOrientationPortrait UIInterfaceOrientationPortraitUpsideDown UIInterfaceOrientationLandscapeLeft UIInterfaceOrientationLandscapeRight";
				INFOPLIST_KEY_UISupportedInterfaceOrientations_iPhone = "UIInterfaceOrientationPortrait UIInterfaceOrientationLandscapeLeft UIInterfaceOrientationLandscapeRight";
				LD_RUNPATH_SEARCH_PATHS = (
					"$(inherited)",
					"@executable_path/Frameworks",
				);
				MARKETING_VERSION = 1.0;
				PRODUCT_BUNDLE_IDENTIFIER = com.moro.ForEveryoneAPI;
				PRODUCT_NAME = "$(TARGET_NAME)";
				SWIFT_EMIT_LOC_STRINGS = YES;
				SWIFT_VERSION = 5.0;
				TARGETED_DEVICE_FAMILY = "1,2";
			};
			name = Debug;
		};
		F8DFEAE42AF921F600BC721B /* Release */ = {
			isa = XCBuildConfiguration;
			buildSettings = {
				ASSETCATALOG_COMPILER_APPICON_NAME = AppIcon;
				ASSETCATALOG_COMPILER_GLOBAL_ACCENT_COLOR_NAME = AccentColor;
				CODE_SIGN_STYLE = Automatic;
				CURRENT_PROJECT_VERSION = 1;
				DEVELOPMENT_ASSET_PATHS = "\"ForEveryoneAPI/Preview Content\"";
				DEVELOPMENT_TEAM = VA3J8597P8;
				ENABLE_PREVIEWS = YES;
				GENERATE_INFOPLIST_FILE = YES;
				INFOPLIST_KEY_UIApplicationSceneManifest_Generation = YES;
				INFOPLIST_KEY_UIApplicationSupportsIndirectInputEvents = YES;
				INFOPLIST_KEY_UILaunchScreen_Generation = YES;
				INFOPLIST_KEY_UISupportedInterfaceOrientations_iPad = "UIInterfaceOrientationPortrait UIInterfaceOrientationPortraitUpsideDown UIInterfaceOrientationLandscapeLeft UIInterfaceOrientationLandscapeRight";
				INFOPLIST_KEY_UISupportedInterfaceOrientations_iPhone = "UIInterfaceOrientationPortrait UIInterfaceOrientationLandscapeLeft UIInterfaceOrientationLandscapeRight";
				LD_RUNPATH_SEARCH_PATHS = (
					"$(inherited)",
					"@executable_path/Frameworks",
				);
				MARKETING_VERSION = 1.0;
				PRODUCT_BUNDLE_IDENTIFIER = com.moro.ForEveryoneAPI;
				PRODUCT_NAME = "$(TARGET_NAME)";
				SWIFT_EMIT_LOC_STRINGS = YES;
				SWIFT_VERSION = 5.0;
				TARGETED_DEVICE_FAMILY = "1,2";
			};
			name = Release;
		};
/* End XCBuildConfiguration section */

/* Begin XCConfigurationList section */
		F8DFEACF2AF921F500BC721B /* Build configuration list for PBXProject "ForEveryoneAPI" */ = {
			isa = XCConfigurationList;
			buildConfigurations = (
				F8DFEAE02AF921F600BC721B /* Debug */,
				F8DFEAE12AF921F600BC721B /* Release */,
			);
			defaultConfigurationIsVisible = 0;
			defaultConfigurationName = Release;
		};
		F8DFEAE22AF921F600BC721B /* Build configuration list for PBXNativeTarget "ForEveryoneAPI" */ = {
			isa = XCConfigurationList;
			buildConfigurations = (
				F8DFEAE32AF921F600BC721B /* Debug */,
				F8DFEAE42AF921F600BC721B /* Release */,
			);
			defaultConfigurationIsVisible = 0;
			defaultConfigurationName = Release;
		};
/* End XCConfigurationList section */

/* Begin XCRemoteSwiftPackageReference section */
		F8A4BF502AFCE20D00413213 /* XCRemoteSwiftPackageReference "Alamofire" */ = {
			isa = XCRemoteSwiftPackageReference;
			repositoryURL = "https://github.com/Alamofire/Alamofire.git";
			requirement = {
				kind = upToNextMajorVersion;
				minimumVersion = 5.8.1;
			};
		};
		F8A4BF572AFCF24A00413213 /* XCRemoteSwiftPackageReference "moya" */ = {
			isa = XCRemoteSwiftPackageReference;
			repositoryURL = "http://github.com/Moya/moya.git";
			requirement = {
				kind = upToNextMajorVersion;
				minimumVersion = 15.0.3;
			};
		};
/* End XCRemoteSwiftPackageReference section */

/* Begin XCSwiftPackageProductDependency section */
		F8A4BF512AFCE20D00413213 /* Alamofire */ = {
			isa = XCSwiftPackageProductDependency;
			package = F8A4BF502AFCE20D00413213 /* XCRemoteSwiftPackageReference "Alamofire" */;
			productName = Alamofire;
		};
		F8A4BF582AFCF24A00413213 /* CombineMoya */ = {
			isa = XCSwiftPackageProductDependency;
			package = F8A4BF572AFCF24A00413213 /* XCRemoteSwiftPackageReference "moya" */;
			productName = CombineMoya;
		};
		F8A4BF5A2AFCF24A00413213 /* Moya */ = {
			isa = XCSwiftPackageProductDependency;
			package = F8A4BF572AFCF24A00413213 /* XCRemoteSwiftPackageReference "moya" */;
			productName = Moya;
		};
		F8A4BF5C2AFCF24A00413213 /* ReactiveMoya */ = {
			isa = XCSwiftPackageProductDependency;
			package = F8A4BF572AFCF24A00413213 /* XCRemoteSwiftPackageReference "moya" */;
			productName = ReactiveMoya;
		};
		F8A4BF5E2AFCF24A00413213 /* RxMoya */ = {
			isa = XCSwiftPackageProductDependency;
			package = F8A4BF572AFCF24A00413213 /* XCRemoteSwiftPackageReference "moya" */;
			productName = RxMoya;
		};
/* End XCSwiftPackageProductDependency section */
	};
	rootObject = F8DFEACC2AF921F500BC721B /* Project object */;
}
